// !$*UTF8*$!
{
	archiveVersion = 1;
	classes = {
	};
	objectVersion = 46;
	objects = {

/* Begin PBXBuildFile section */
		9DEA1A101EC20AFF000E4EF0 /* AppDelegate.swift in Sources */ = {isa = PBXBuildFile; fileRef = 9DEA1A0F1EC20AFF000E4EF0 /* AppDelegate.swift */; };
		9DEA1A121EC20AFF000E4EF0 /* ViewController.swift in Sources */ = {isa = PBXBuildFile; fileRef = 9DEA1A111EC20AFF000E4EF0 /* ViewController.swift */; };
		9DEA1A151EC20AFF000E4EF0 /* Main.storyboard in Resources */ = {isa = PBXBuildFile; fileRef = 9DEA1A131EC20AFF000E4EF0 /* Main.storyboard */; };
		9DEA1A171EC20AFF000E4EF0 /* Assets.xcassets in Resources */ = {isa = PBXBuildFile; fileRef = 9DEA1A161EC20AFF000E4EF0 /* Assets.xcassets */; };
		9DEA1A1A1EC20AFF000E4EF0 /* LaunchScreen.storyboard in Resources */ = {isa = PBXBuildFile; fileRef = 9DEA1A181EC20AFF000E4EF0 /* LaunchScreen.storyboard */; };
/* End PBXBuildFile section */

/* Begin PBXFileReference section */
		9DEA1A0C1EC20AFF000E4EF0 /* Swift_12UI练习_练习列表.app */ = {isa = PBXFileReference; explicitFileType = wrapper.application; includeInIndex = 0; path = "Swift_12UI练习_练习列表.app"; sourceTree = BUILT_PRODUCTS_DIR; };
		9DEA1A0F1EC20AFF000E4EF0 /* AppDelegate.swift */ = {isa = PBXFileReference; lastKnownFileType = sourcecode.swift; path = AppDelegate.swift; sourceTree = "<group>"; };
		9DEA1A111EC20AFF000E4EF0 /* ViewController.swift */ = {isa = PBXFileReference; lastKnownFileType = sourcecode.swift; path = ViewController.swift; sourceTree = "<group>"; };
		9DEA1A141EC20AFF000E4EF0 /* Base */ = {isa = PBXFileReference; lastKnownFileType = file.storyboard; name = Base; path = Base.lproj/Main.storyboard; sourceTree = "<group>"; };
		9DEA1A161EC20AFF000E4EF0 /* Assets.xcassets */ = {isa = PBXFileReference; lastKnownFileType = folder.assetcatalog; path = Assets.xcassets; sourceTree = "<group>"; };
		9DEA1A191EC20AFF000E4EF0 /* Base */ = {isa = PBXFileReference; lastKnownFileType = file.storyboard; name = Base; path = Base.lproj/LaunchScreen.storyboard; sourceTree = "<group>"; };
		9DEA1A1B1EC20AFF000E4EF0 /* Info.plist */ = {isa = PBXFileReference; lastKnownFileType = text.plist.xml; path = Info.plist; sourceTree = "<group>"; };
/* End PBXFileReference section */

/* Begin PBXFrameworksBuildPhase section */
		9DEA1A091EC20AFF000E4EF0 /* Frameworks */ = {
			isa = PBXFrameworksBuildPhase;
			buildActionMask = 2147483647;
			files = (
			);
			runOnlyForDeploymentPostprocessing = 0;
		};
/* End PBXFrameworksBuildPhase section */

/* Begin PBXGroup section */
		9DEA1A031EC20AFF000E4EF0 = {
			isa = PBXGroup;
			children = (
				9DEA1A0E1EC20AFF000E4EF0 /* Swift_12UI练习_练习列表 */,
				9DEA1A0D1EC20AFF000E4EF0 /* Products */,
			);
			sourceTree = "<group>";
		};
		9DEA1A0D1EC20AFF000E4EF0 /* Products */ = {
			isa = PBXGroup;
			children = (
				9DEA1A0C1EC20AFF000E4EF0 /* Swift_12UI练习_练习列表.app */,
			);
			name = Products;
			sourceTree = "<group>";
		};
		9DEA1A0E1EC20AFF000E4EF0 /* Swift_12UI练习_练习列表 */ = {
			isa = PBXGroup;
			children = (
				9DEA1A0F1EC20AFF000E4EF0 /* AppDelegate.swift */,
				9DEA1A111EC20AFF000E4EF0 /* ViewController.swift */,
				9DEA1A131EC20AFF000E4EF0 /* Main.storyboard */,
				9DEA1A161EC20AFF000E4EF0 /* Assets.xcassets */,
				9DEA1A181EC20AFF000E4EF0 /* LaunchScreen.storyboard */,
				9DEA1A1B1EC20AFF000E4EF0 /* Info.plist */,
			);
			path = "Swift_12UI练习_练习列表";
			sourceTree = "<group>";
		};
/* End PBXGroup section */

/* Begin PBXNativeTarget section */
		9DEA1A0B1EC20AFF000E4EF0 /* Swift_12UI练习_练习列表 */ = {
			isa = PBXNativeTarget;
			buildConfigurationList = 9DEA1A1E1EC20AFF000E4EF0 /* Build configuration list for PBXNativeTarget "Swift_12UI练习_练习列表" */;
			buildPhases = (
				9DEA1A081EC20AFF000E4EF0 /* Sources */,
				9DEA1A091EC20AFF000E4EF0 /* Frameworks */,
				9DEA1A0A1EC20AFF000E4EF0 /* Resources */,
			);
			buildRules = (
			);
			dependencies = (
			);
			name = "Swift_12UI练习_练习列表";
			productName = "Swift_12UI练习_练习列表";
			productReference = 9DEA1A0C1EC20AFF000E4EF0 /* Swift_12UI练习_练习列表.app */;
			productType = "com.apple.product-type.application";
		};
/* End PBXNativeTarget section */

/* Begin PBXProject section */
		9DEA1A041EC20AFF000E4EF0 /* Project object */ = {
			isa = PBXProject;
			attributes = {
				LastSwiftUpdateCheck = 0820;
				LastUpgradeCheck = 0820;
				ORGANIZATIONNAME = MakeKeyReuseable;
				TargetAttributes = {
					9DEA1A0B1EC20AFF000E4EF0 = {
						CreatedOnToolsVersion = 8.2.1;
						DevelopmentTeam = QBA33C9ENG;
						ProvisioningStyle = Automatic;
					};
				};
			};
			buildConfigurationList = 9DEA1A071EC20AFF000E4EF0 /* Build configuration list for PBXProject "Swift_12UI练习_练习列表" */;
			compatibilityVersion = "Xcode 3.2";
			developmentRegion = English;
			hasScannedForEncodings = 0;
			knownRegions = (
				en,
				Base,
			);
			mainGroup = 9DEA1A031EC20AFF000E4EF0;
			productRefGroup = 9DEA1A0D1EC20AFF000E4EF0 /* Products */;
			projectDirPath = "";
			projectRoot = "";
			targets = (
				9DEA1A0B1EC20AFF000E4EF0 /* Swift_12UI练习_练习列表 */,
			);
		};
/* End PBXProject section */

/* Begin PBXResourcesBuildPhase section */
		9DEA1A0A1EC20AFF000E4EF0 /* Resources */ = {
			isa = PBXResourcesBuildPhase;
			buildActionMask = 2147483647;
			files = (
				9DEA1A1A1EC20AFF000E4EF0 /* LaunchScreen.storyboard in Resources */,
				9DEA1A171EC20AFF000E4EF0 /* Assets.xcassets in Resources */,
				9DEA1A151EC20AFF000E4EF0 /* Main.storyboard in Resources */,
			);
			runOnlyForDeploymentPostprocessing = 0;
		};
/* End PBXResourcesBuildPhase section */

/* Begin PBXSourcesBuildPhase section */
		9DEA1A081EC20AFF000E4EF0 /* Sources */ = {
			isa = PBXSourcesBuildPhase;
			buildActionMask = 2147483647;
			files = (
				9DEA1A121EC20AFF000E4EF0 /* ViewController.swift in Sources */,
				9DEA1A101EC20AFF000E4EF0 /* AppDelegate.swift in Sources */,
			);
			runOnlyForDeploymentPostprocessing = 0;
		};
/* End PBXSourcesBuildPhase section */

/* Begin PBXVariantGroup section */
		9DEA1A131EC20AFF000E4EF0 /* Main.storyboard */ = {
			isa = PBXVariantGroup;
			children = (
				9DEA1A141EC20AFF000E4EF0 /* Base */,
			);
			name = Main.storyboard;
			sourceTree = "<group>";
		};
		9DEA1A181EC20AFF000E4EF0 /* LaunchScreen.storyboard */ = {
			isa = PBXVariantGroup;
			children = (
				9DEA1A191EC20AFF000E4EF0 /* Base */,
			);
			name = LaunchScreen.storyboard;
			sourceTree = "<group>";
		};
/* End PBXVariantGroup section */

/* Begin XCBuildConfiguration section */
		9DEA1A1C1EC20AFF000E4EF0 /* Debug */ = {
			isa = XCBuildConfiguration;
			buildSettings = {
				ALWAYS_SEARCH_USER_PATHS = NO;
				CLANG_ANALYZER_NONNULL = YES;
				CLANG_CXX_LANGUAGE_STANDARD = "gnu++0x";
				CLANG_CXX_LIBRARY = "libc++";
				CLANG_ENABLE_MODULES = YES;
				CLANG_ENABLE_OBJC_ARC = YES;
				CLANG_WARN_BOOL_CONVERSION = YES;
				CLANG_WARN_CONSTANT_CONVERSION = YES;
				CLANG_WARN_DIRECT_OBJC_ISA_USAGE = YES_ERROR;
				CLANG_WARN_DOCUMENTATION_COMMENTS = YES;
				CLANG_WARN_EMPTY_BODY = YES;
				CLANG_WARN_ENUM_CONVERSION = YES;
				CLANG_WARN_INFINITE_RECURSION = YES;
				CLANG_WARN_INT_CONVERSION = YES;
				CLANG_WARN_OBJC_ROOT_CLASS = YES_ERROR;
				CLANG_WARN_SUSPICIOUS_MOVE = YES;
				CLANG_WARN_UNREACHABLE_CODE = YES;
				CLANG_WARN__DUPLICATE_METHOD_MATCH = YES;
				"CODE_SIGN_IDENTITY[sdk=iphoneos*]" = "iPhone Developer";
				COPY_PHASE_STRIP = NO;
				DEBUG_INFORMATION_FORMAT = dwarf;
				ENABLE_STRICT_OBJC_MSGSEND = YES;
				ENABLE_TESTABILITY = YES;
				GCC_C_LANGUAGE_STANDARD = gnu99;
				GCC_DYNAMIC_NO_PIC = NO;
				GCC_NO_COMMON_BLOCKS = YES;
				GCC_OPTIMIZATION_LEVEL = 0;
				GCC_PREPROCESSOR_DEFINITIONS = (
					"DEBUG=1",
					"$(inherited)",
				);
				GCC_WARN_64_TO_32_BIT_CONVERSION = YES;
				GCC_WARN_ABOUT_RETURN_TYPE = YES_ERROR;
				GCC_WARN_UNDECLARED_SELECTOR = YES;
				GCC_WARN_UNINITIALIZED_AUTOS = YES_AGGRESSIVE;
				GCC_WARN_UNUSED_FUNCTION = YES;
				GCC_WARN_UNUSED_VARIABLE = YES;
				IPHONEOS_DEPLOYMENT_TARGET = 10.2;
				MTL_ENABLE_DEBUG_INFO = YES;
				ONLY_ACTIVE_ARCH = YES;
				SDKROOT = iphoneos;
				SWIFT_ACTIVE_COMPILATION_CONDITIONS = DEBUG;
				SWIFT_OPTIMIZATION_LEVEL = "-Onone";
				TARGETED_DEVICE_FAMILY = "1,2";
			};
			name = Debug;
		};
		9DEA1A1D1EC20AFF000E4EF0 /* Release */ = {
			isa = XCBuildConfiguration;
			buildSettings = {
				ALWAYS_SEARCH_USER_PATHS = NO;
				CLANG_ANALYZER_NONNULL = YES;
				CLANG_CXX_LANGUAGE_STANDARD = "gnu++0x";
				CLANG_CXX_LIBRARY = "libc++";
				CLANG_ENABLE_MODULES = YES;
				CLANG_ENABLE_OBJC_ARC = YES;
				CLANG_WARN_BOOL_CONVERSION = YES;
				CLANG_WARN_CONSTANT_CONVERSION = YES;
				CLANG_WARN_DIRECT_OBJC_ISA_USAGE = YES_ERROR;
				CLANG_WARN_DOCUMENTATION_COMMENTS = YES;
				CLANG_WARN_EMPTY_BODY = YES;
				CLANG_WARN_ENUM_CONVERSION = YES;
				CLANG_WARN_INFINITE_RECURSION = YES;
				CLANG_WARN_INT_CONVERSION = YES;
				CLANG_WARN_OBJC_ROOT_CLASS = YES_ERROR;
				CLANG_WARN_SUSPICIOUS_MOVE = YES;
				CLANG_WARN_UNREACHABLE_CODE = YES;
				CLANG_WARN__DUPLICATE_METHOD_MATCH = YES;
				"CODE_SIGN_IDENTITY[sdk=iphoneos*]" = "iPhone Developer";
				COPY_PHASE_STRIP = NO;
				DEBUG_INFORMATION_FORMAT = "dwarf-with-dsym";
				ENABLE_NS_ASSERTIONS = NO;
				ENABLE_STRICT_OBJC_MSGSEND = YES;
				GCC_C_LANGUAGE_STANDARD = gnu99;
				GCC_NO_COMMON_BLOCKS = YES;
				GCC_WARN_64_TO_32_BIT_CONVERSION = YES;
				GCC_WARN_ABOUT_RETURN_TYPE = YES_ERROR;
				GCC_WARN_UNDECLARED_SELECTOR = YES;
				GCC_WARN_UNINITIALIZED_AUTOS = YES_AGGRESSIVE;
				GCC_WARN_UNUSED_FUNCTION = YES;
				GCC_WARN_UNUSED_VARIABLE = YES;
				IPHONEOS_DEPLOYMENT_TARGET = 10.2;
				MTL_ENABLE_DEBUG_INFO = NO;
				SDKROOT = iphoneos;
				SWIFT_OPTIMIZATION_LEVEL = "-Owholemodule";
				TARGETED_DEVICE_FAMILY = "1,2";
				VALIDATE_PRODUCT = YES;
			};
			name = Release;
		};
		9DEA1A1F1EC20AFF000E4EF0 /* Debug */ = {
			isa = XCBuildConfiguration;
			buildSettings = {
				ASSETCATALOG_COMPILER_APPICON_NAME = AppIcon;
				DEVELOPMENT_TEAM = QBA33C9ENG;
				INFOPLIST_FILE = "Swift_12UI练习_练习列表/Info.plist";
				LD_RUNPATH_SEARCH_PATHS = "$(inherited) @executable_path/Frameworks";
				PRODUCT_BUNDLE_IDENTIFIER = "com.MakeKeyReuseable.Swift-12UI-------";
				PRODUCT_NAME = "$(TARGET_NAME)";
				SWIFT_VERSION = 3.0;
			};
			name = Debug;
		};
		9DEA1A201EC20AFF000E4EF0 /* Release */ = {
			isa = XCBuildConfiguration;
			buildSettings = {
				ASSETCATALOG_COMPILER_APPICON_NAME = AppIcon;
				DEVELOPMENT_TEAM = QBA33C9ENG;
				INFOPLIST_FILE = "Swift_12UI练习_练习列表/Info.plist";
				LD_RUNPATH_SEARCH_PATHS = "$(inherited) @executable_path/Frameworks";
				PRODUCT_BUNDLE_IDENTIFIER = "com.MakeKeyReuseable.Swift-12UI-------";
				PRODUCT_NAME = "$(TARGET_NAME)";
				SWIFT_VERSION = 3.0;
			};
			name = Release;
		};
/* End XCBuildConfiguration section */

/* Begin XCConfigurationList section */
		9DEA1A071EC20AFF000E4EF0 /* Build configuration list for PBXProject "Swift_12UI练习_练习列表" */ = {
			isa = XCConfigurationList;
			buildConfigurations = (
				9DEA1A1C1EC20AFF000E4EF0 /* Debug */,
				9DEA1A1D1EC20AFF000E4EF0 /* Release */,
			);
			defaultConfigurationIsVisible = 0;
			defaultConfigurationName = Release;
		};
		9DEA1A1E1EC20AFF000E4EF0 /* Build configuration list for PBXNativeTarget "Swift_12UI练习_练习列表" */ = {
			isa = XCConfigurationList;
			buildConfigurations = (
				9DEA1A1F1EC20AFF000E4EF0 /* Debug */,
				9DEA1A201EC20AFF000E4EF0 /* Release */,
			);
			defaultConfigurationIsVisible = 0;
		};
/* End XCConfigurationList section */
	};
	rootObject = 9DEA1A041EC20AFF000E4EF0 /* Project object */;
}
